
Microsoft Visual Studio Solution File, Format Version 12.00
# Visual Studio Version 17
VisualStudioVersion = 17.13.35931.197
MinimumVisualStudioVersion = 10.0.40219.1
Project("{FAE04EC0-301F-11D3-BF4B-00C04F79EFBC}") = "TimestampCalculator", "TimestampCalculator.csproj", "{402F303C-7D01-C92B-2074-CBE0B0E4367B}"
EndProject
Project("{2150E333-8FDC-42A3-9474-1A3956D46DE8}") = "Installer", "Installer", "{1860D2E4-5C43-71D5-59A5-599A4DE1DF67}"
EndProject
Project("{930C7802-8A8C-48F9-8165-68863BCCD9DD}") = "PowerConsumptionInstaller", "Installer\PowerConsumptionInstaller.wixproj", "{8C2A1C23-0C67-0C44-480C-B9938D3EA830}"
EndProject
Global
	GlobalSection(SolutionConfigurationPlatforms) = preSolution
		Debug|Any CPU = Debug|Any CPU
		Debug|x64 = Debug|x64
		Debug|x86 = Debug|x86
		Release|Any CPU = Release|Any CPU
		Release|x64 = Release|x64
		Release|x86 = Release|x86
	EndGlobalSection
	GlobalSection(ProjectConfigurationPlatforms) = postSolution
		{402F303C-7D01-C92B-2074-CBE0B0E4367B}.Debug|Any CPU.ActiveCfg = Debug|Any CPU
		{402F303C-7D01-C92B-2074-CBE0B0E4367B}.Debug|Any CPU.Build.0 = Debug|Any CPU
		{402F303C-7D01-C92B-2074-CBE0B0E4367B}.Debug|x64.ActiveCfg = Debug|Any CPU
		{402F303C-7D01-C92B-2074-CBE0B0E4367B}.Debug|x64.Build.0 = Debug|Any CPU
		{402F303C-7D01-C92B-2074-CBE0B0E4367B}.Debug|x86.ActiveCfg = Debug|Any CPU
		{402F303C-7D01-C92B-2074-CBE0B0E4367B}.Debug|x86.Build.0 = Debug|Any CPU
		{402F303C-7D01-C92B-2074-CBE0B0E4367B}.Release|Any CPU.ActiveCfg = Release|Any CPU
		{402F303C-7D01-C92B-2074-CBE0B0E4367B}.Release|Any CPU.Build.0 = Release|Any CPU
		{402F303C-7D01-C92B-2074-CBE0B0E4367B}.Release|x64.ActiveCfg = Release|Any CPU
		{402F303C-7D01-C92B-2074-CBE0B0E4367B}.Release|x64.Build.0 = Release|Any CPU
		{402F303C-7D01-C92B-2074-CBE0B0E4367B}.Release|x86.ActiveCfg = Release|Any CPU
		{402F303C-7D01-C92B-2074-CBE0B0E4367B}.Release|x86.Build.0 = Release|Any CPU
	EndGlobalSection
	GlobalSection(SolutionProperties) = preSolution
		HideSolutionNode = FALSE
	EndGlobalSection
	GlobalSection(NestedProjects) = preSolution
		{8C2A1C23-0C67-0C44-480C-B9938D3EA830} = {1860D2E4-5C43-71D5-59A5-599A4DE1DF67}
	EndGlobalSection
	GlobalSection(ExtensibilityGlobals) = postSolution
		SolutionGuid = {4C352605-21FD-43FE-9037-BE654D4FEEF7}
	EndGlobalSection
EndGlobal
